<?xml version="1.0" encoding="utf-8"?>
<Project ToolsVersion="4.0" xmlns="http://schemas.microsoft.com/developer/msbuild/2003">
  <ItemGroup>
    <Filter Include="src">
      <UniqueIdentifier>{7342efc1-7e58-405a-a418-4df641d85000}</UniqueIdentifier>
    </Filter>
    <Filter Include="include">
      <UniqueIdentifier>{c82660da-09dc-46d4-8e76-1f0ddae6e64e}</UniqueIdentifier>
    </Filter>
    <Filter Include="include\orianne">
      <UniqueIdentifier>{2d924945-df31-4372-80db-78b67aa1542b}</UniqueIdentifier>
    </Filter>
  </ItemGroup>
  <ItemGroup>
    <ClInclude Include="include\orianne\ftp_server.h">
      <Filter>include\orianne</Filter>
    </ClInclude>
    <ClInclude Include="src\ftp_session.h">
      <Filter>src</Filter>
    </ClInclude>
    <ClInclude Include="src\ftp_console.h">
      <Filter>src</Filter>
    </ClInclude>
  </ItemGroup>
  <ItemGroup>
    <ClCompile Include="src\ftp_server.cpp">
      <Filter>src</Filter>
    </ClCompile>
    <ClCompile Include="src\ftp_session.cpp">
      <Filter>src</Filter>
    </ClCompile>
    <ClCompile Include="src\ftp_console.cpp">
      <Filter>src</Filter>
    </ClCompile>
  </ItemGroup>
</Project>